
Microsoft Visual Studio Solution File, Format Version 12.00
# Visual Studio Version 16
VisualStudioVersion = 16.0.29215.179
MinimumVisualStudioVersion = 15.0.26124.0
Project("{2150E333-8FDC-42A3-9474-1A3956D46DE8}") = "src", "src", "{4358C58D-4EAD-4FD5-B52B-9A1323148F11}"
EndProject
Project("{9A19103F-16F7-4668-BE54-9A1E7A4F7556}") = "IdentityServer", "src\IdentityServer\IdentityServer.csproj", "{D28A9F1B-0C8A-41F1-A2F8-B94713AB8759}"
EndProject
Project("{9A19103F-16F7-4668-BE54-9A1E7A4F7556}") = "Api", "src\Api\Api.csproj", "{0FE63AF3-677F-4137-A1D0-C42FEBD87478}"
EndProject
Project("{9A19103F-16F7-4668-BE54-9A1E7A4F7556}") = "Client", "src\Client\Client.csproj", "{171BACC3-1800-43AF-9FE2-D47CF5F4F5F4}"
EndProject
Project("{9A19103F-16F7-4668-BE54-9A1E7A4F7556}") = "Client.PasswordGrant", "src\Client.PasswordGrant\Client.PasswordGrant.csproj", "{36154DDE-DDBD-482F-A97B-552E61B1470E}"
EndProject
Project("{FAE04EC0-301F-11D3-BF4B-00C04F79EFBC}") = "MvcClient", "src\MvcClient\MvcClient.csproj", "{5B5415F4-371A-48AB-A6C3-8D902454CAB3}"
EndProject
Project("{FAE04EC0-301F-11D3-BF4B-00C04F79EFBC}") = "MvcHybridClient", "src\MvcHybridClient\MvcHybridClient.csproj", "{C6B2C42C-3149-4C82-B3FA-75C86396F4DE}"
EndProject
Project("{FAE04EC0-301F-11D3-BF4B-00C04F79EFBC}") = "JavaScriptClient", "src\JavaScriptClient\JavaScriptClient.csproj", "{35190300-814B-41A7-B3D5-E3BCDFEA5158}"
EndProject
Project("{FAE04EC0-301F-11D3-BF4B-00C04F79EFBC}") = "IdentityServerAspNetIdentity", "src\IdentityServerAspNetIdentity\IdentityServerAspNetIdentity.csproj", "{99207D9D-965B-48A1-938D-EDE8645F15F2}"
EndProject
Global
	GlobalSection(SolutionConfigurationPlatforms) = preSolution
		Debug|Any CPU = Debug|Any CPU
		Debug|x64 = Debug|x64
		Debug|x86 = Debug|x86
		Release|Any CPU = Release|Any CPU
		Release|x64 = Release|x64
		Release|x86 = Release|x86
	EndGlobalSection
	GlobalSection(ProjectConfigurationPlatforms) = postSolution
		{D28A9F1B-0C8A-41F1-A2F8-B94713AB8759}.Debug|Any CPU.ActiveCfg = Debug|Any CPU
		{D28A9F1B-0C8A-41F1-A2F8-B94713AB8759}.Debug|Any CPU.Build.0 = Debug|Any CPU
		{D28A9F1B-0C8A-41F1-A2F8-B94713AB8759}.Debug|x64.ActiveCfg = Debug|Any CPU
		{D28A9F1B-0C8A-41F1-A2F8-B94713AB8759}.Debug|x64.Build.0 = Debug|Any CPU
		{D28A9F1B-0C8A-41F1-A2F8-B94713AB8759}.Debug|x86.ActiveCfg = Debug|Any CPU
		{D28A9F1B-0C8A-41F1-A2F8-B94713AB8759}.Debug|x86.Build.0 = Debug|Any CPU
		{D28A9F1B-0C8A-41F1-A2F8-B94713AB8759}.Release|Any CPU.ActiveCfg = Release|Any CPU
		{D28A9F1B-0C8A-41F1-A2F8-B94713AB8759}.Release|Any CPU.Build.0 = Release|Any CPU
		{D28A9F1B-0C8A-41F1-A2F8-B94713AB8759}.Release|x64.ActiveCfg = Release|Any CPU
		{D28A9F1B-0C8A-41F1-A2F8-B94713AB8759}.Release|x64.Build.0 = Release|Any CPU
		{D28A9F1B-0C8A-41F1-A2F8-B94713AB8759}.Release|x86.ActiveCfg = Release|Any CPU
		{D28A9F1B-0C8A-41F1-A2F8-B94713AB8759}.Release|x86.Build.0 = Release|Any CPU
		{0FE63AF3-677F-4137-A1D0-C42FEBD87478}.Debug|Any CPU.ActiveCfg = Debug|Any CPU
		{0FE63AF3-677F-4137-A1D0-C42FEBD87478}.Debug|Any CPU.Build.0 = Debug|Any CPU
		{0FE63AF3-677F-4137-A1D0-C42FEBD87478}.Debug|x64.ActiveCfg = Debug|Any CPU
		{0FE63AF3-677F-4137-A1D0-C42FEBD87478}.Debug|x64.Build.0 = Debug|Any CPU
		{0FE63AF3-677F-4137-A1D0-C42FEBD87478}.Debug|x86.ActiveCfg = Debug|Any CPU
		{0FE63AF3-677F-4137-A1D0-C42FEBD87478}.Debug|x86.Build.0 = Debug|Any CPU
		{0FE63AF3-677F-4137-A1D0-C42FEBD87478}.Release|Any CPU.ActiveCfg = Release|Any CPU
		{0FE63AF3-677F-4137-A1D0-C42FEBD87478}.Release|Any CPU.Build.0 = Release|Any CPU
		{0FE63AF3-677F-4137-A1D0-C42FEBD87478}.Release|x64.ActiveCfg = Release|Any CPU
		{0FE63AF3-677F-4137-A1D0-C42FEBD87478}.Release|x64.Build.0 = Release|Any CPU
		{0FE63AF3-677F-4137-A1D0-C42FEBD87478}.Release|x86.ActiveCfg = Release|Any CPU
		{0FE63AF3-677F-4137-A1D0-C42FEBD87478}.Release|x86.Build.0 = Release|Any CPU
		{171BACC3-1800-43AF-9FE2-D47CF5F4F5F4}.Debug|Any CPU.ActiveCfg = Debug|Any CPU
		{171BACC3-1800-43AF-9FE2-D47CF5F4F5F4}.Debug|Any CPU.Build.0 = Debug|Any CPU
		{171BACC3-1800-43AF-9FE2-D47CF5F4F5F4}.Debug|x64.ActiveCfg = Debug|Any CPU
		{171BACC3-1800-43AF-9FE2-D47CF5F4F5F4}.Debug|x64.Build.0 = Debug|Any CPU
		{171BACC3-1800-43AF-9FE2-D47CF5F4F5F4}.Debug|x86.ActiveCfg = Debug|Any CPU
		{171BACC3-1800-43AF-9FE2-D47CF5F4F5F4}.Debug|x86.Build.0 = Debug|Any CPU
		{171BACC3-1800-43AF-9FE2-D47CF5F4F5F4}.Release|Any CPU.ActiveCfg = Release|Any CPU
		{171BACC3-1800-43AF-9FE2-D47CF5F4F5F4}.Release|Any CPU.Build.0 = Release|Any CPU
		{171BACC3-1800-43AF-9FE2-D47CF5F4F5F4}.Release|x64.ActiveCfg = Release|Any CPU
		{171BACC3-1800-43AF-9FE2-D47CF5F4F5F4}.Release|x64.Build.0 = Release|Any CPU
		{171BACC3-1800-43AF-9FE2-D47CF5F4F5F4}.Release|x86.ActiveCfg = Release|Any CPU
		{171BACC3-1800-43AF-9FE2-D47CF5F4F5F4}.Release|x86.Build.0 = Release|Any CPU
		{36154DDE-DDBD-482F-A97B-552E61B1470E}.Debug|Any CPU.ActiveCfg = Debug|Any CPU
		{36154DDE-DDBD-482F-A97B-552E61B1470E}.Debug|Any CPU.Build.0 = Debug|Any CPU
		{36154DDE-DDBD-482F-A97B-552E61B1470E}.Debug|x64.ActiveCfg = Debug|Any CPU
		{36154DDE-DDBD-482F-A97B-552E61B1470E}.Debug|x64.Build.0 = Debug|Any CPU
		{36154DDE-DDBD-482F-A97B-552E61B1470E}.Debug|x86.ActiveCfg = Debug|Any CPU
		{36154DDE-DDBD-482F-A97B-552E61B1470E}.Debug|x86.Build.0 = Debug|Any CPU
		{36154DDE-DDBD-482F-A97B-552E61B1470E}.Release|Any CPU.ActiveCfg = Release|Any CPU
		{36154DDE-DDBD-482F-A97B-552E61B1470E}.Release|Any CPU.Build.0 = Release|Any CPU
		{36154DDE-DDBD-482F-A97B-552E61B1470E}.Release|x64.ActiveCfg = Release|Any CPU
		{36154DDE-DDBD-482F-A97B-552E61B1470E}.Release|x64.Build.0 = Release|Any CPU
		{36154DDE-DDBD-482F-A97B-552E61B1470E}.Release|x86.ActiveCfg = Release|Any CPU
		{36154DDE-DDBD-482F-A97B-552E61B1470E}.Release|x86.Build.0 = Release|Any CPU
		{5B5415F4-371A-48AB-A6C3-8D902454CAB3}.Debug|Any CPU.ActiveCfg = Debug|Any CPU
		{5B5415F4-371A-48AB-A6C3-8D902454CAB3}.Debug|Any CPU.Build.0 = Debug|Any CPU
		{5B5415F4-371A-48AB-A6C3-8D902454CAB3}.Debug|x64.ActiveCfg = Debug|Any CPU
		{5B5415F4-371A-48AB-A6C3-8D902454CAB3}.Debug|x64.Build.0 = Debug|Any CPU
		{5B5415F4-371A-48AB-A6C3-8D902454CAB3}.Debug|x86.ActiveCfg = Debug|Any CPU
		{5B5415F4-371A-48AB-A6C3-8D902454CAB3}.Debug|x86.Build.0 = Debug|Any CPU
		{5B5415F4-371A-48AB-A6C3-8D902454CAB3}.Release|Any CPU.ActiveCfg = Release|Any CPU
		{5B5415F4-371A-48AB-A6C3-8D902454CAB3}.Release|Any CPU.Build.0 = Release|Any CPU
		{5B5415F4-371A-48AB-A6C3-8D902454CAB3}.Release|x64.ActiveCfg = Release|Any CPU
		{5B5415F4-371A-48AB-A6C3-8D902454CAB3}.Release|x64.Build.0 = Release|Any CPU
		{5B5415F4-371A-48AB-A6C3-8D902454CAB3}.Release|x86.ActiveCfg = Release|Any CPU
		{5B5415F4-371A-48AB-A6C3-8D902454CAB3}.Release|x86.Build.0 = Release|Any CPU
		{C6B2C42C-3149-4C82-B3FA-75C86396F4DE}.Debug|Any CPU.ActiveCfg = Debug|Any CPU
		{C6B2C42C-3149-4C82-B3FA-75C86396F4DE}.Debug|Any CPU.Build.0 = Debug|Any CPU
		{C6B2C42C-3149-4C82-B3FA-75C86396F4DE}.Debug|x64.ActiveCfg = Debug|Any CPU
		{C6B2C42C-3149-4C82-B3FA-75C86396F4DE}.Debug|x64.Build.0 = Debug|Any CPU
		{C6B2C42C-3149-4C82-B3FA-75C86396F4DE}.Debug|x86.ActiveCfg = Debug|Any CPU
		{C6B2C42C-3149-4C82-B3FA-75C86396F4DE}.Debug|x86.Build.0 = Debug|Any CPU
		{C6B2C42C-3149-4C82-B3FA-75C86396F4DE}.Release|Any CPU.ActiveCfg = Release|Any CPU
		{C6B2C42C-3149-4C82-B3FA-75C86396F4DE}.Release|Any CPU.Build.0 = Release|Any CPU
		{C6B2C42C-3149-4C82-B3FA-75C86396F4DE}.Release|x64.ActiveCfg = Release|Any CPU
		{C6B2C42C-3149-4C82-B3FA-75C86396F4DE}.Release|x64.Build.0 = Release|Any CPU
		{C6B2C42C-3149-4C82-B3FA-75C86396F4DE}.Release|x86.ActiveCfg = Release|Any CPU
		{C6B2C42C-3149-4C82-B3FA-75C86396F4DE}.Release|x86.Build.0 = Release|Any CPU
		{35190300-814B-41A7-B3D5-E3BCDFEA5158}.Debug|Any CPU.ActiveCfg = Debug|Any CPU
		{35190300-814B-41A7-B3D5-E3BCDFEA5158}.Debug|Any CPU.Build.0 = Debug|Any CPU
		{35190300-814B-41A7-B3D5-E3BCDFEA5158}.Debug|x64.ActiveCfg = Debug|Any CPU
		{35190300-814B-41A7-B3D5-E3BCDFEA5158}.Debug|x64.Build.0 = Debug|Any CPU
		{35190300-814B-41A7-B3D5-E3BCDFEA5158}.Debug|x86.ActiveCfg = Debug|Any CPU
		{35190300-814B-41A7-B3D5-E3BCDFEA5158}.Debug|x86.Build.0 = Debug|Any CPU
		{35190300-814B-41A7-B3D5-E3BCDFEA5158}.Release|Any CPU.ActiveCfg = Release|Any CPU
		{35190300-814B-41A7-B3D5-E3BCDFEA5158}.Release|Any CPU.Build.0 = Release|Any CPU
		{35190300-814B-41A7-B3D5-E3BCDFEA5158}.Release|x64.ActiveCfg = Release|Any CPU
		{35190300-814B-41A7-B3D5-E3BCDFEA5158}.Release|x64.Build.0 = Release|Any CPU
		{35190300-814B-41A7-B3D5-E3BCDFEA5158}.Release|x86.ActiveCfg = Release|Any CPU
		{35190300-814B-41A7-B3D5-E3BCDFEA5158}.Release|x86.Build.0 = Release|Any CPU
		{99207D9D-965B-48A1-938D-EDE8645F15F2}.Debug|Any CPU.ActiveCfg = Debug|Any CPU
		{99207D9D-965B-48A1-938D-EDE8645F15F2}.Debug|Any CPU.Build.0 = Debug|Any CPU
		{99207D9D-965B-48A1-938D-EDE8645F15F2}.Debug|x64.ActiveCfg = Debug|Any CPU
		{99207D9D-965B-48A1-938D-EDE8645F15F2}.Debug|x64.Build.0 = Debug|Any CPU
		{99207D9D-965B-48A1-938D-EDE8645F15F2}.Debug|x86.ActiveCfg = Debug|Any CPU
		{99207D9D-965B-48A1-938D-EDE8645F15F2}.Debug|x86.Build.0 = Debug|Any CPU
		{99207D9D-965B-48A1-938D-EDE8645F15F2}.Release|Any CPU.ActiveCfg = Release|Any CPU
		{99207D9D-965B-48A1-938D-EDE8645F15F2}.Release|Any CPU.Build.0 = Release|Any CPU
		{99207D9D-965B-48A1-938D-EDE8645F15F2}.Release|x64.ActiveCfg = Release|Any CPU
		{99207D9D-965B-48A1-938D-EDE8645F15F2}.Release|x64.Build.0 = Release|Any CPU
		{99207D9D-965B-48A1-938D-EDE8645F15F2}.Release|x86.ActiveCfg = Release|Any CPU
		{99207D9D-965B-48A1-938D-EDE8645F15F2}.Release|x86.Build.0 = Release|Any CPU
	EndGlobalSection
	GlobalSection(SolutionProperties) = preSolution
		HideSolutionNode = FALSE
	EndGlobalSection
	GlobalSection(NestedProjects) = preSolution
		{D28A9F1B-0C8A-41F1-A2F8-B94713AB8759} = {4358C58D-4EAD-4FD5-B52B-9A1323148F11}
		{0FE63AF3-677F-4137-A1D0-C42FEBD87478} = {4358C58D-4EAD-4FD5-B52B-9A1323148F11}
		{171BACC3-1800-43AF-9FE2-D47CF5F4F5F4} = {4358C58D-4EAD-4FD5-B52B-9A1323148F11}
		{36154DDE-DDBD-482F-A97B-552E61B1470E} = {4358C58D-4EAD-4FD5-B52B-9A1323148F11}
		{5B5415F4-371A-48AB-A6C3-8D902454CAB3} = {4358C58D-4EAD-4FD5-B52B-9A1323148F11}
		{C6B2C42C-3149-4C82-B3FA-75C86396F4DE} = {4358C58D-4EAD-4FD5-B52B-9A1323148F11}
		{35190300-814B-41A7-B3D5-E3BCDFEA5158} = {4358C58D-4EAD-4FD5-B52B-9A1323148F11}
		{99207D9D-965B-48A1-938D-EDE8645F15F2} = {4358C58D-4EAD-4FD5-B52B-9A1323148F11}
	EndGlobalSection
	GlobalSection(ExtensibilityGlobals) = postSolution
		SolutionGuid = {0DCA573A-FEEE-40EE-B912-D835ADE68E04}
	EndGlobalSection
EndGlobal
